
Microsoft Visual Studio Solution File, Format Version 11.00
# Visual Studio 2010
Project("{8BC9CEB8-8B4A-11D0-8D11-00A0C91BC942}") = "『宅』自绘v1", "『宅』登录器.vcxproj", "{9BCB1A04-D42E-DF9B-8957-103FF642E172}"
EndProject
Global
	GlobalSection(SolutionConfigurationPlatforms) = preSolution
		Debug|Win32 = Debug|Win32
		Release|Win32 = Release|Win32
	EndGlobalSection
	GlobalSection(ProjectConfigurationPlatforms) = postSolution
		{9BCB1A04-D42E-DF9B-8957-103FF642E172}.Debug|Win32.ActiveCfg = Debug|Win32
		{9BCB1A04-D42E-DF9B-8957-103FF642E172}.Debug|Win32.Build.0 = Debug|Win32
		{9BCB1A04-D42E-DF9B-8957-103FF642E172}.Release|Win32.ActiveCfg = Release|Win32
		{9BCB1A04-D42E-DF9B-8957-103FF642E172}.Release|Win32.Build.0 = Release|Win32
	EndGlobalSection
	GlobalSection(SolutionProperties) = preSolution
		HideSolutionNode = FALSE
	EndGlobalSection
EndGlobal
